// !$*UTF8*$!
{
	archiveVersion = 1;
	classes = {
	};
	objectVersion = 52;
	objects = {

/* Begin PBXBuildFile section */
		832F2E3324A183010027792D /* NetworkManager.swift in Sources */ = {isa = PBXBuildFile; fileRef = 832F2E3224A183010027792D /* NetworkManager.swift */; };
		832F2E3524A187E30027792D /* BreweryListCell.swift in Sources */ = {isa = PBXBuildFile; fileRef = 832F2E3424A187E30027792D /* BreweryListCell.swift */; };
		832F2E3B24A189930027792D /* BCHeadlineLabel.swift in Sources */ = {isa = PBXBuildFile; fileRef = 832F2E3A24A189930027792D /* BCHeadlineLabel.swift */; };
		832F2E3D24A18A690027792D /* BCCalloutLabel.swift in Sources */ = {isa = PBXBuildFile; fileRef = 832F2E3C24A18A690027792D /* BCCalloutLabel.swift */; };
		8342A1CE249FFB8E0027FB53 /* UIView+Ext.swift in Sources */ = {isa = PBXBuildFile; fileRef = 8342A1CD249FFB8E0027FB53 /* UIView+Ext.swift */; };
		83460FAA24ACFAD300C26D52 /* BreweryDetailViewController.swift in Sources */ = {isa = PBXBuildFile; fileRef = 83460FA924ACFAD300C26D52 /* BreweryDetailViewController.swift */; };
		83460FAC24ACFB2B00C26D52 /* BeerListCell.swift in Sources */ = {isa = PBXBuildFile; fileRef = 83460FAB24ACFB2B00C26D52 /* BeerListCell.swift */; };
		83460FB324AD03F000C26D52 /* BreweryHeaderInfoViewController.swift in Sources */ = {isa = PBXBuildFile; fileRef = 83460FB224AD03F000C26D52 /* BreweryHeaderInfoViewController.swift */; };
		83460FB524AD071100C26D52 /* Constants.swift in Sources */ = {isa = PBXBuildFile; fileRef = 83460FB424AD071100C26D52 /* Constants.swift */; };
		835C959024B4F7200060D846 /* ExploreViewController.swift in Sources */ = {isa = PBXBuildFile; fileRef = 835C958F24B4F7200060D846 /* ExploreViewController.swift */; };
		8372C37E249E818500AF92D3 /* UIViewController+Ext.swift in Sources */ = {isa = PBXBuildFile; fileRef = 8372C37D249E818500AF92D3 /* UIViewController+Ext.swift */; };
		8373A9A324AE15D10083C1EA /* NetworkData.swift in Sources */ = {isa = PBXBuildFile; fileRef = 8373A9A224AE15D10083C1EA /* NetworkData.swift */; };
		837612D624AEB5F500CCE47D /* BCTitleLabel.swift in Sources */ = {isa = PBXBuildFile; fileRef = 837612D524AEB5F500CCE47D /* BCTitleLabel.swift */; };
		837612D824AEB94A00CCE47D /* BCTitle3Label.swift in Sources */ = {isa = PBXBuildFile; fileRef = 837612D724AEB94A00CCE47D /* BCTitle3Label.swift */; };
		83799AC024B51F66008E984B /* BCButton.swift in Sources */ = {isa = PBXBuildFile; fileRef = 83799ABF24B51F66008E984B /* BCButton.swift */; };
		838EFC7E249E6B1E00845A04 /* AppDelegate.swift in Sources */ = {isa = PBXBuildFile; fileRef = 838EFC7D249E6B1E00845A04 /* AppDelegate.swift */; };
		838EFC80249E6B1E00845A04 /* SceneDelegate.swift in Sources */ = {isa = PBXBuildFile; fileRef = 838EFC7F249E6B1E00845A04 /* SceneDelegate.swift */; };
		838EFC87249E6B2400845A04 /* Assets.xcassets in Resources */ = {isa = PBXBuildFile; fileRef = 838EFC86249E6B2400845A04 /* Assets.xcassets */; };
		838EFC8A249E6B2400845A04 /* LaunchScreen.storyboard in Resources */ = {isa = PBXBuildFile; fileRef = 838EFC88249E6B2400845A04 /* LaunchScreen.storyboard */; };
		838EFCAE249E6FC100845A04 /* NearbyViewController.swift in Sources */ = {isa = PBXBuildFile; fileRef = 838EFCAD249E6FC100845A04 /* NearbyViewController.swift */; };
		838EFCB3249E713B00845A04 /* BCTabBarController.swift in Sources */ = {isa = PBXBuildFile; fileRef = 838EFCB2249E713B00845A04 /* BCTabBarController.swift */; };
		838EFCB6249E71D000845A04 /* SearchViewController.swift in Sources */ = {isa = PBXBuildFile; fileRef = 838EFCB5249E71D000845A04 /* SearchViewController.swift */; };
		839A444E24A190E0008849F7 /* UIHelper.swift in Sources */ = {isa = PBXBuildFile; fileRef = 839A444D24A190E0008849F7 /* UIHelper.swift */; };
		83A4DDDC24B560DB0014D985 /* DataLoadingViewController.swift in Sources */ = {isa = PBXBuildFile; fileRef = 83A4DDDB24B560DB0014D985 /* DataLoadingViewController.swift */; };
		83ABF75124B004D300DC2DD5 /* BCImageView.swift in Sources */ = {isa = PBXBuildFile; fileRef = 83ABF75024B004D300DC2DD5 /* BCImageView.swift */; };
		83ABF75324B1650200DC2DD5 /* BeerDetailViewController.swift in Sources */ = {isa = PBXBuildFile; fileRef = 83ABF75224B1650200DC2DD5 /* BeerDetailViewController.swift */; };
		83B96710249FF704007416B1 /* MapViewController.swift in Sources */ = {isa = PBXBuildFile; fileRef = 83B9670F249FF704007416B1 /* MapViewController.swift */; };
		83C1520F24B2BD2E00C2D610 /* Formatter+Ext.swift in Sources */ = {isa = PBXBuildFile; fileRef = 83C1520E24B2BD2E00C2D610 /* Formatter+Ext.swift */; };
		83C1521124B2BD3E00C2D610 /* Int+Ext.swift in Sources */ = {isa = PBXBuildFile; fileRef = 83C1521024B2BD3E00C2D610 /* Int+Ext.swift */; };
		83E5CE7024A2D6D100FDC127 /* String+Ext.swift in Sources */ = {isa = PBXBuildFile; fileRef = 83E5CE6F24A2D6D100FDC127 /* String+Ext.swift */; };
/* End PBXBuildFile section */

/* Begin PBXFileReference section */
		832F2E3224A183010027792D /* NetworkManager.swift */ = {isa = PBXFileReference; lastKnownFileType = sourcecode.swift; path = NetworkManager.swift; sourceTree = "<group>"; };
		832F2E3424A187E30027792D /* BreweryListCell.swift */ = {isa = PBXFileReference; lastKnownFileType = sourcecode.swift; path = BreweryListCell.swift; sourceTree = "<group>"; };
		832F2E3A24A189930027792D /* BCHeadlineLabel.swift */ = {isa = PBXFileReference; lastKnownFileType = sourcecode.swift; path = BCHeadlineLabel.swift; sourceTree = "<group>"; };
		832F2E3C24A18A690027792D /* BCCalloutLabel.swift */ = {isa = PBXFileReference; lastKnownFileType = sourcecode.swift; path = BCCalloutLabel.swift; sourceTree = "<group>"; };
		8342A1CD249FFB8E0027FB53 /* UIView+Ext.swift */ = {isa = PBXFileReference; lastKnownFileType = sourcecode.swift; path = "UIView+Ext.swift"; sourceTree = "<group>"; };
		83460FA924ACFAD300C26D52 /* BreweryDetailViewController.swift */ = {isa = PBXFileReference; lastKnownFileType = sourcecode.swift; path = BreweryDetailViewController.swift; sourceTree = "<group>"; };
		83460FAB24ACFB2B00C26D52 /* BeerListCell.swift */ = {isa = PBXFileReference; lastKnownFileType = sourcecode.swift; path = BeerListCell.swift; sourceTree = "<group>"; };
		83460FB224AD03F000C26D52 /* BreweryHeaderInfoViewController.swift */ = {isa = PBXFileReference; lastKnownFileType = sourcecode.swift; path = BreweryHeaderInfoViewController.swift; sourceTree = "<group>"; };
		83460FB424AD071100C26D52 /* Constants.swift */ = {isa = PBXFileReference; lastKnownFileType = sourcecode.swift; path = Constants.swift; sourceTree = "<group>"; };
		835C958F24B4F7200060D846 /* ExploreViewController.swift */ = {isa = PBXFileReference; lastKnownFileType = sourcecode.swift; path = ExploreViewController.swift; sourceTree = "<group>"; };
		8372C37D249E818500AF92D3 /* UIViewController+Ext.swift */ = {isa = PBXFileReference; lastKnownFileType = sourcecode.swift; path = "UIViewController+Ext.swift"; sourceTree = "<group>"; };
		8373A9A224AE15D10083C1EA /* NetworkData.swift */ = {isa = PBXFileReference; lastKnownFileType = sourcecode.swift; path = NetworkData.swift; sourceTree = "<group>"; };
		837612D524AEB5F500CCE47D /* BCTitleLabel.swift */ = {isa = PBXFileReference; lastKnownFileType = sourcecode.swift; path = BCTitleLabel.swift; sourceTree = "<group>"; };
		837612D724AEB94A00CCE47D /* BCTitle3Label.swift */ = {isa = PBXFileReference; lastKnownFileType = sourcecode.swift; path = BCTitle3Label.swift; sourceTree = "<group>"; };
		83799ABF24B51F66008E984B /* BCButton.swift */ = {isa = PBXFileReference; lastKnownFileType = sourcecode.swift; path = BCButton.swift; sourceTree = "<group>"; };
		838EFC7A249E6B1E00845A04 /* Upstate Brew.app */ = {isa = PBXFileReference; explicitFileType = wrapper.application; includeInIndex = 0; path = "Upstate Brew.app"; sourceTree = BUILT_PRODUCTS_DIR; };
		838EFC7D249E6B1E00845A04 /* AppDelegate.swift */ = {isa = PBXFileReference; lastKnownFileType = sourcecode.swift; path = AppDelegate.swift; sourceTree = "<group>"; };
		838EFC7F249E6B1E00845A04 /* SceneDelegate.swift */ = {isa = PBXFileReference; lastKnownFileType = sourcecode.swift; path = SceneDelegate.swift; sourceTree = "<group>"; };
		838EFC86249E6B2400845A04 /* Assets.xcassets */ = {isa = PBXFileReference; lastKnownFileType = folder.assetcatalog; path = Assets.xcassets; sourceTree = "<group>"; };
		838EFC89249E6B2400845A04 /* Base */ = {isa = PBXFileReference; lastKnownFileType = file.storyboard; name = Base; path = Base.lproj/LaunchScreen.storyboard; sourceTree = "<group>"; };
		838EFC8B249E6B2400845A04 /* Info.plist */ = {isa = PBXFileReference; lastKnownFileType = text.plist.xml; path = Info.plist; sourceTree = "<group>"; };
		838EFCAD249E6FC100845A04 /* NearbyViewController.swift */ = {isa = PBXFileReference; lastKnownFileType = sourcecode.swift; path = NearbyViewController.swift; sourceTree = "<group>"; };
		838EFCB2249E713B00845A04 /* BCTabBarController.swift */ = {isa = PBXFileReference; lastKnownFileType = sourcecode.swift; path = BCTabBarController.swift; sourceTree = "<group>"; };
		838EFCB5249E71D000845A04 /* SearchViewController.swift */ = {isa = PBXFileReference; lastKnownFileType = sourcecode.swift; path = SearchViewController.swift; sourceTree = "<group>"; };
		839A444D24A190E0008849F7 /* UIHelper.swift */ = {isa = PBXFileReference; lastKnownFileType = sourcecode.swift; path = UIHelper.swift; sourceTree = "<group>"; };
		83A4DDDB24B560DB0014D985 /* DataLoadingViewController.swift */ = {isa = PBXFileReference; lastKnownFileType = sourcecode.swift; path = DataLoadingViewController.swift; sourceTree = "<group>"; };
		83ABF75024B004D300DC2DD5 /* BCImageView.swift */ = {isa = PBXFileReference; lastKnownFileType = sourcecode.swift; path = BCImageView.swift; sourceTree = "<group>"; };
		83ABF75224B1650200DC2DD5 /* BeerDetailViewController.swift */ = {isa = PBXFileReference; lastKnownFileType = sourcecode.swift; path = BeerDetailViewController.swift; sourceTree = "<group>"; };
		83B9670F249FF704007416B1 /* MapViewController.swift */ = {isa = PBXFileReference; lastKnownFileType = sourcecode.swift; path = MapViewController.swift; sourceTree = "<group>"; };
		83C1520E24B2BD2E00C2D610 /* Formatter+Ext.swift */ = {isa = PBXFileReference; lastKnownFileType = sourcecode.swift; path = "Formatter+Ext.swift"; sourceTree = "<group>"; };
		83C1521024B2BD3E00C2D610 /* Int+Ext.swift */ = {isa = PBXFileReference; lastKnownFileType = sourcecode.swift; path = "Int+Ext.swift"; sourceTree = "<group>"; };
		83E5CE6F24A2D6D100FDC127 /* String+Ext.swift */ = {isa = PBXFileReference; lastKnownFileType = sourcecode.swift; path = "String+Ext.swift"; sourceTree = "<group>"; };
/* End PBXFileReference section */

/* Begin PBXFrameworksBuildPhase section */
		838EFC77249E6B1E00845A04 /* Frameworks */ = {
			isa = PBXFrameworksBuildPhase;
			buildActionMask = 2147483647;
			files = (
			);
			runOnlyForDeploymentPostprocessing = 0;
		};
/* End PBXFrameworksBuildPhase section */

/* Begin PBXGroup section */
		832F2E3124A182DF0027792D /* Managers */ = {
			isa = PBXGroup;
			children = (
				832F2E3224A183010027792D /* NetworkManager.swift */,
			);
			path = Managers;
			sourceTree = "<group>";
		};
		832F2E3624A187E80027792D /* Cells */ = {
			isa = PBXGroup;
			children = (
				832F2E3424A187E30027792D /* BreweryListCell.swift */,
				83460FAB24ACFB2B00C26D52 /* BeerListCell.swift */,
			);
			path = Cells;
			sourceTree = "<group>";
		};
		832F2E3924A1896F0027792D /* Labels */ = {
			isa = PBXGroup;
			children = (
				832F2E3A24A189930027792D /* BCHeadlineLabel.swift */,
				832F2E3C24A18A690027792D /* BCCalloutLabel.swift */,
				837612D524AEB5F500CCE47D /* BCTitleLabel.swift */,
				837612D724AEB94A00CCE47D /* BCTitle3Label.swift */,
			);
			path = Labels;
			sourceTree = "<group>";
		};
		83460FB124AD02CA00C26D52 /* ViewControllers */ = {
			isa = PBXGroup;
			children = (
				838EFCAD249E6FC100845A04 /* NearbyViewController.swift */,
				83460FB224AD03F000C26D52 /* BreweryHeaderInfoViewController.swift */,
				83A4DDDB24B560DB0014D985 /* DataLoadingViewController.swift */,
			);
			path = ViewControllers;
			sourceTree = "<group>";
		};
		8372C37C249E814200AF92D3 /* Extensions */ = {
			isa = PBXGroup;
			children = (
				8372C37D249E818500AF92D3 /* UIViewController+Ext.swift */,
				8342A1CD249FFB8E0027FB53 /* UIView+Ext.swift */,
				83E5CE6F24A2D6D100FDC127 /* String+Ext.swift */,
				83C1520E24B2BD2E00C2D610 /* Formatter+Ext.swift */,
				83C1521024B2BD3E00C2D610 /* Int+Ext.swift */,
			);
			path = Extensions;
			sourceTree = "<group>";
		};
		83799AC124B5212B008E984B /* Buttons */ = {
			isa = PBXGroup;
			children = (
				83799ABF24B51F66008E984B /* BCButton.swift */,
			);
			path = Buttons;
			sourceTree = "<group>";
		};
		838EFC71249E6B1E00845A04 = {
			isa = PBXGroup;
			children = (
				838EFC7C249E6B1E00845A04 /* BrewCarolina */,
				838EFC7B249E6B1E00845A04 /* Products */,
			);
			sourceTree = "<group>";
		};
		838EFC7B249E6B1E00845A04 /* Products */ = {
			isa = PBXGroup;
			children = (
				838EFC7A249E6B1E00845A04 /* Upstate Brew.app */,
			);
			name = Products;
			sourceTree = "<group>";
		};
		838EFC7C249E6B1E00845A04 /* BrewCarolina */ = {
			isa = PBXGroup;
			children = (
				838EFC7D249E6B1E00845A04 /* AppDelegate.swift */,
				838EFC7F249E6B1E00845A04 /* SceneDelegate.swift */,
				838EFC86249E6B2400845A04 /* Assets.xcassets */,
				838EFC88249E6B2400845A04 /* LaunchScreen.storyboard */,
				838EFC8B249E6B2400845A04 /* Info.plist */,
				8372C37C249E814200AF92D3 /* Extensions */,
				832F2E3124A182DF0027792D /* Managers */,
				839A444C24A190C2008849F7 /* Utilities */,
				838EFCB0249E6FD600845A04 /* Models */,
				838EFCB1249E6FE900845A04 /* Custom Views */,
				838EFCAF249E6FC600845A04 /* Screens */,
			);
			path = BrewCarolina;
			sourceTree = "<group>";
		};
		838EFCAF249E6FC600845A04 /* Screens */ = {
			isa = PBXGroup;
			children = (
				83ABF75224B1650200DC2DD5 /* BeerDetailViewController.swift */,
				838EFCB5249E71D000845A04 /* SearchViewController.swift */,
				83B9670F249FF704007416B1 /* MapViewController.swift */,
				83460FA924ACFAD300C26D52 /* BreweryDetailViewController.swift */,
				835C958F24B4F7200060D846 /* ExploreViewController.swift */,
			);
			path = Screens;
			sourceTree = "<group>";
		};
		838EFCB0249E6FD600845A04 /* Models */ = {
			isa = PBXGroup;
			children = (
				8373A9A224AE15D10083C1EA /* NetworkData.swift */,
			);
			path = Models;
			sourceTree = "<group>";
		};
		838EFCB1249E6FE900845A04 /* Custom Views */ = {
			isa = PBXGroup;
			children = (
				83799AC124B5212B008E984B /* Buttons */,
				83ABF74F24B004B600DC2DD5 /* ImageViews */,
				83460FB124AD02CA00C26D52 /* ViewControllers */,
				832F2E3924A1896F0027792D /* Labels */,
				838EFCB4249E714000845A04 /* TabBarController */,
				832F2E3624A187E80027792D /* Cells */,
			);
			path = "Custom Views";
			sourceTree = "<group>";
		};
		838EFCB4249E714000845A04 /* TabBarController */ = {
			isa = PBXGroup;
			children = (
				838EFCB2249E713B00845A04 /* BCTabBarController.swift */,
			);
			path = TabBarController;
			sourceTree = "<group>";
		};
		839A444C24A190C2008849F7 /* Utilities */ = {
			isa = PBXGroup;
			children = (
				839A444D24A190E0008849F7 /* UIHelper.swift */,
				83460FB424AD071100C26D52 /* Constants.swift */,
			);
			path = Utilities;
			sourceTree = "<group>";
		};
		83ABF74F24B004B600DC2DD5 /* ImageViews */ = {
			isa = PBXGroup;
			children = (
				83ABF75024B004D300DC2DD5 /* BCImageView.swift */,
			);
			path = ImageViews;
			sourceTree = "<group>";
		};
/* End PBXGroup section */

/* Begin PBXNativeTarget section */
		838EFC79249E6B1E00845A04 /* BrewCarolina */ = {
			isa = PBXNativeTarget;
			buildConfigurationList = 838EFCA4249E6B2400845A04 /* Build configuration list for PBXNativeTarget "BrewCarolina" */;
			buildPhases = (
				838EFC76249E6B1E00845A04 /* Sources */,
				838EFC77249E6B1E00845A04 /* Frameworks */,
				838EFC78249E6B1E00845A04 /* Resources */,
			);
			buildRules = (
			);
			dependencies = (
			);
			name = BrewCarolina;
			packageProductDependencies = (
			);
			productName = BrewCarolina;
			productReference = 838EFC7A249E6B1E00845A04 /* Upstate Brew.app */;
			productType = "com.apple.product-type.application";
		};
/* End PBXNativeTarget section */

/* Begin PBXProject section */
		838EFC72249E6B1E00845A04 /* Project object */ = {
			isa = PBXProject;
			attributes = {
				LastSwiftUpdateCheck = 1150;
				LastUpgradeCheck = 1200;
				ORGANIZATIONNAME = "Courtney Davis";
				TargetAttributes = {
					838EFC79249E6B1E00845A04 = {
						CreatedOnToolsVersion = 11.5;
					};
				};
			};
			buildConfigurationList = 838EFC75249E6B1E00845A04 /* Build configuration list for PBXProject "BrewCarolina" */;
			compatibilityVersion = "Xcode 9.3";
			developmentRegion = en;
			hasScannedForEncodings = 0;
			knownRegions = (
				en,
				Base,
			);
			mainGroup = 838EFC71249E6B1E00845A04;
			packageReferences = (
				83EBEB1C24A825BF00552CAC /* XCRemoteSwiftPackageReference "Alamofire" */,
				83EBEB1F24A825DB00552CAC /* XCRemoteSwiftPackageReference "SwiftyJSON" */,
			);
			productRefGroup = 838EFC7B249E6B1E00845A04 /* Products */;
			projectDirPath = "";
			projectRoot = "";
			targets = (
				838EFC79249E6B1E00845A04 /* BrewCarolina */,
			);
		};
/* End PBXProject section */

/* Begin PBXResourcesBuildPhase section */
		838EFC78249E6B1E00845A04 /* Resources */ = {
			isa = PBXResourcesBuildPhase;
			buildActionMask = 2147483647;
			files = (
				838EFC8A249E6B2400845A04 /* LaunchScreen.storyboard in Resources */,
				838EFC87249E6B2400845A04 /* Assets.xcassets in Resources */,
			);
			runOnlyForDeploymentPostprocessing = 0;
		};
/* End PBXResourcesBuildPhase section */

/* Begin PBXSourcesBuildPhase section */
		838EFC76249E6B1E00845A04 /* Sources */ = {
			isa = PBXSourcesBuildPhase;
			buildActionMask = 2147483647;
			files = (
				838EFCB6249E71D000845A04 /* SearchViewController.swift in Sources */,
				83ABF75324B1650200DC2DD5 /* BeerDetailViewController.swift in Sources */,
				838EFCB3249E713B00845A04 /* BCTabBarController.swift in Sources */,
				832F2E3D24A18A690027792D /* BCCalloutLabel.swift in Sources */,
				83E5CE7024A2D6D100FDC127 /* String+Ext.swift in Sources */,
				837612D824AEB94A00CCE47D /* BCTitle3Label.swift in Sources */,
				83ABF75124B004D300DC2DD5 /* BCImageView.swift in Sources */,
				83460FB324AD03F000C26D52 /* BreweryHeaderInfoViewController.swift in Sources */,
				83460FAC24ACFB2B00C26D52 /* BeerListCell.swift in Sources */,
				83460FB524AD071100C26D52 /* Constants.swift in Sources */,
				835C959024B4F7200060D846 /* ExploreViewController.swift in Sources */,
				83C1521124B2BD3E00C2D610 /* Int+Ext.swift in Sources */,
				83460FAA24ACFAD300C26D52 /* BreweryDetailViewController.swift in Sources */,
				832F2E3524A187E30027792D /* BreweryListCell.swift in Sources */,
				838EFCAE249E6FC100845A04 /* NearbyViewController.swift in Sources */,
				8373A9A324AE15D10083C1EA /* NetworkData.swift in Sources */,
				832F2E3324A183010027792D /* NetworkManager.swift in Sources */,
				83A4DDDC24B560DB0014D985 /* DataLoadingViewController.swift in Sources */,
				83799AC024B51F66008E984B /* BCButton.swift in Sources */,
				839A444E24A190E0008849F7 /* UIHelper.swift in Sources */,
				83B96710249FF704007416B1 /* MapViewController.swift in Sources */,
				837612D624AEB5F500CCE47D /* BCTitleLabel.swift in Sources */,
				832F2E3B24A189930027792D /* BCHeadlineLabel.swift in Sources */,
				8342A1CE249FFB8E0027FB53 /* UIView+Ext.swift in Sources */,
				838EFC7E249E6B1E00845A04 /* AppDelegate.swift in Sources */,
				838EFC80249E6B1E00845A04 /* SceneDelegate.swift in Sources */,
				83C1520F24B2BD2E00C2D610 /* Formatter+Ext.swift in Sources */,
				8372C37E249E818500AF92D3 /* UIViewController+Ext.swift in Sources */,
			);
			runOnlyForDeploymentPostprocessing = 0;
		};
/* End PBXSourcesBuildPhase section */

/* Begin PBXVariantGroup section */
		838EFC88249E6B2400845A04 /* LaunchScreen.storyboard */ = {
			isa = PBXVariantGroup;
			children = (
				838EFC89249E6B2400845A04 /* Base */,
			);
			name = LaunchScreen.storyboard;
			sourceTree = "<group>";
		};
/* End PBXVariantGroup section */

/* Begin XCBuildConfiguration section */
		838EFCA2249E6B2400845A04 /* Debug */ = {
			isa = XCBuildConfiguration;
			buildSettings = {
				ALWAYS_SEARCH_USER_PATHS = NO;
				CLANG_ANALYZER_NONNULL = YES;
				CLANG_ANALYZER_NUMBER_OBJECT_CONVERSION = YES_AGGRESSIVE;
				CLANG_CXX_LANGUAGE_STANDARD = "gnu++14";
				CLANG_CXX_LIBRARY = "libc++";
				CLANG_ENABLE_MODULES = YES;
				CLANG_ENABLE_OBJC_ARC = YES;
				CLANG_ENABLE_OBJC_WEAK = YES;
				CLANG_WARN_BLOCK_CAPTURE_AUTORELEASING = YES;
				CLANG_WARN_BOOL_CONVERSION = YES;
				CLANG_WARN_COMMA = YES;
				CLANG_WARN_CONSTANT_CONVERSION = YES;
				CLANG_WARN_DEPRECATED_OBJC_IMPLEMENTATIONS = YES;
				CLANG_WARN_DIRECT_OBJC_ISA_USAGE = YES_ERROR;
				CLANG_WARN_DOCUMENTATION_COMMENTS = YES;
				CLANG_WARN_EMPTY_BODY = YES;
				CLANG_WARN_ENUM_CONVERSION = YES;
				CLANG_WARN_INFINITE_RECURSION = YES;
				CLANG_WARN_INT_CONVERSION = YES;
				CLANG_WARN_NON_LITERAL_NULL_CONVERSION = YES;
				CLANG_WARN_OBJC_IMPLICIT_RETAIN_SELF = YES;
				CLANG_WARN_OBJC_LITERAL_CONVERSION = YES;
				CLANG_WARN_OBJC_ROOT_CLASS = YES_ERROR;
				CLANG_WARN_QUOTED_INCLUDE_IN_FRAMEWORK_HEADER = YES;
				CLANG_WARN_RANGE_LOOP_ANALYSIS = YES;
				CLANG_WARN_STRICT_PROTOTYPES = YES;
				CLANG_WARN_SUSPICIOUS_MOVE = YES;
				CLANG_WARN_UNGUARDED_AVAILABILITY = YES_AGGRESSIVE;
				CLANG_WARN_UNREACHABLE_CODE = YES;
				CLANG_WARN__DUPLICATE_METHOD_MATCH = YES;
				COPY_PHASE_STRIP = NO;
				DEBUG_INFORMATION_FORMAT = dwarf;
				ENABLE_STRICT_OBJC_MSGSEND = YES;
				ENABLE_TESTABILITY = YES;
				GCC_C_LANGUAGE_STANDARD = gnu11;
				GCC_DYNAMIC_NO_PIC = NO;
				GCC_NO_COMMON_BLOCKS = YES;
				GCC_OPTIMIZATION_LEVEL = 0;
				GCC_PREPROCESSOR_DEFINITIONS = (
					"DEBUG=1",
					"$(inherited)",
				);
				GCC_WARN_64_TO_32_BIT_CONVERSION = YES;
				GCC_WARN_ABOUT_RETURN_TYPE = YES_ERROR;
				GCC_WARN_UNDECLARED_SELECTOR = YES;
				GCC_WARN_UNINITIALIZED_AUTOS = YES_AGGRESSIVE;
				GCC_WARN_UNUSED_FUNCTION = YES;
				GCC_WARN_UNUSED_VARIABLE = YES;
				IPHONEOS_DEPLOYMENT_TARGET = 13.5;
				MTL_ENABLE_DEBUG_INFO = INCLUDE_SOURCE;
				MTL_FAST_MATH = YES;
				ONLY_ACTIVE_ARCH = YES;
				SDKROOT = iphoneos;
				SWIFT_ACTIVE_COMPILATION_CONDITIONS = DEBUG;
				SWIFT_OPTIMIZATION_LEVEL = "-Onone";
			};
			name = Debug;
		};
		838EFCA3249E6B2400845A04 /* Release */ = {
			isa = XCBuildConfiguration;
			buildSettings = {
				ALWAYS_SEARCH_USER_PATHS = NO;
				CLANG_ANALYZER_NONNULL = YES;
				CLANG_ANALYZER_NUMBER_OBJECT_CONVERSION = YES_AGGRESSIVE;
				CLANG_CXX_LANGUAGE_STANDARD = "gnu++14";
				CLANG_CXX_LIBRARY = "libc++";
				CLANG_ENABLE_MODULES = YES;
				CLANG_ENABLE_OBJC_ARC = YES;
				CLANG_ENABLE_OBJC_WEAK = YES;
				CLANG_WARN_BLOCK_CAPTURE_AUTORELEASING = YES;
				CLANG_WARN_BOOL_CONVERSION = YES;
				CLANG_WARN_COMMA = YES;
				CLANG_WARN_CONSTANT_CONVERSION = YES;
				CLANG_WARN_DEPRECATED_OBJC_IMPLEMENTATIONS = YES;
				CLANG_WARN_DIRECT_OBJC_ISA_USAGE = YES_ERROR;
				CLANG_WARN_DOCUMENTATION_COMMENTS = YES;
				CLANG_WARN_EMPTY_BODY = YES;
				CLANG_WARN_ENUM_CONVERSION = YES;
				CLANG_WARN_INFINITE_RECURSION = YES;
				CLANG_WARN_INT_CONVERSION = YES;
				CLANG_WARN_NON_LITERAL_NULL_CONVERSION = YES;
				CLANG_WARN_OBJC_IMPLICIT_RETAIN_SELF = YES;
				CLANG_WARN_OBJC_LITERAL_CONVERSION = YES;
				CLANG_WARN_OBJC_ROOT_CLASS = YES_ERROR;
				CLANG_WARN_QUOTED_INCLUDE_IN_FRAMEWORK_HEADER = YES;
				CLANG_WARN_RANGE_LOOP_ANALYSIS = YES;
				CLANG_WARN_STRICT_PROTOTYPES = YES;
				CLANG_WARN_SUSPICIOUS_MOVE = YES;
				CLANG_WARN_UNGUARDED_AVAILABILITY = YES_AGGRESSIVE;
				CLANG_WARN_UNREACHABLE_CODE = YES;
				CLANG_WARN__DUPLICATE_METHOD_MATCH = YES;
				COPY_PHASE_STRIP = NO;
				DEBUG_INFORMATION_FORMAT = "dwarf-with-dsym";
				ENABLE_NS_ASSERTIONS = NO;
				ENABLE_STRICT_OBJC_MSGSEND = YES;
				GCC_C_LANGUAGE_STANDARD = gnu11;
				GCC_NO_COMMON_BLOCKS = YES;
				GCC_WARN_64_TO_32_BIT_CONVERSION = YES;
				GCC_WARN_ABOUT_RETURN_TYPE = YES_ERROR;
				GCC_WARN_UNDECLARED_SELECTOR = YES;
				GCC_WARN_UNINITIALIZED_AUTOS = YES_AGGRESSIVE;
				GCC_WARN_UNUSED_FUNCTION = YES;
				GCC_WARN_UNUSED_VARIABLE = YES;
				IPHONEOS_DEPLOYMENT_TARGET = 13.5;
				MTL_ENABLE_DEBUG_INFO = NO;
				MTL_FAST_MATH = YES;
				SDKROOT = iphoneos;
				SWIFT_COMPILATION_MODE = wholemodule;
				SWIFT_OPTIMIZATION_LEVEL = "-O";
				VALIDATE_PRODUCT = YES;
			};
			name = Release;
		};
		838EFCA5249E6B2400845A04 /* Debug */ = {
			isa = XCBuildConfiguration;
			buildSettings = {
				ASSETCATALOG_COMPILER_APPICON_NAME = AppIcon;
				CODE_SIGN_STYLE = Automatic;
				DEVELOPMENT_TEAM = N769Y452P9;
				INFOPLIST_FILE = BrewCarolina/Info.plist;
				LD_RUNPATH_SEARCH_PATHS = (
					"$(inherited)",
					"@executable_path/Frameworks",
				);
				PRODUCT_BUNDLE_IDENTIFIER = dev.courtneydavis.UpstateBrew;
				PRODUCT_NAME = "Upstate Brew";
				SWIFT_VERSION = 5.0;
				TARGETED_DEVICE_FAMILY = 1;
			};
			name = Debug;
		};
		838EFCA6249E6B2400845A04 /* Release */ = {
			isa = XCBuildConfiguration;
			buildSettings = {
				ASSETCATALOG_COMPILER_APPICON_NAME = AppIcon;
				CODE_SIGN_STYLE = Automatic;
				DEVELOPMENT_TEAM = N769Y452P9;
				INFOPLIST_FILE = BrewCarolina/Info.plist;
				LD_RUNPATH_SEARCH_PATHS = (
					"$(inherited)",
					"@executable_path/Frameworks",
				);
				PRODUCT_BUNDLE_IDENTIFIER = dev.courtneydavis.UpstateBrew;
				PRODUCT_NAME = "Upstate Brew";
				SWIFT_VERSION = 5.0;
				TARGETED_DEVICE_FAMILY = 1;
			};
			name = Release;
		};
/* End XCBuildConfiguration section */

/* Begin XCConfigurationList section */
		838EFC75249E6B1E00845A04 /* Build configuration list for PBXProject "BrewCarolina" */ = {
			isa = XCConfigurationList;
			buildConfigurations = (
				838EFCA2249E6B2400845A04 /* Debug */,
				838EFCA3249E6B2400845A04 /* Release */,
			);
			defaultConfigurationIsVisible = 0;
			defaultConfigurationName = Release;
		};
		838EFCA4249E6B2400845A04 /* Build configuration list for PBXNativeTarget "BrewCarolina" */ = {
			isa = XCConfigurationList;
			buildConfigurations = (
				838EFCA5249E6B2400845A04 /* Debug */,
				838EFCA6249E6B2400845A04 /* Release */,
			);
			defaultConfigurationIsVisible = 0;
			defaultConfigurationName = Release;
		};
/* End XCConfigurationList section */

/* Begin XCRemoteSwiftPackageReference section */
		83EBEB1C24A825BF00552CAC /* XCRemoteSwiftPackageReference "Alamofire" */ = {
			isa = XCRemoteSwiftPackageReference;
			repositoryURL = "https://github.com/Alamofire/Alamofire.git";
			requirement = {
				kind = upToNextMajorVersion;
				minimumVersion = 5.2.1;
			};
		};
		83EBEB1F24A825DB00552CAC /* XCRemoteSwiftPackageReference "SwiftyJSON" */ = {
			isa = XCRemoteSwiftPackageReference;
			repositoryURL = "https://github.com/SwiftyJSON/SwiftyJSON.git";
			requirement = {
				kind = upToNextMajorVersion;
				minimumVersion = 5.0.0;
			};
		};
/* End XCRemoteSwiftPackageReference section */
	};
	rootObject = 838EFC72249E6B1E00845A04 /* Project object */;
}
